// !$*UTF8*$!
{
	archiveVersion = 1;
	classes = {
	};
	objectVersion = 56;
	objects = {

/* Begin PBXBuildFile section */
		771E7F782A00AA570051BA45 /* NanoChallenge1App.swift in Sources */ = {isa = PBXBuildFile; fileRef = 771E7F772A00AA570051BA45 /* NanoChallenge1App.swift */; };
		771E7F7A2A00AA570051BA45 /* ContentView.swift in Sources */ = {isa = PBXBuildFile; fileRef = 771E7F792A00AA570051BA45 /* ContentView.swift */; };
		771E7F7C2A00AA580051BA45 /* Assets.xcassets in Resources */ = {isa = PBXBuildFile; fileRef = 771E7F7B2A00AA580051BA45 /* Assets.xcassets */; };
		771E7F7F2A00AA580051BA45 /* Preview Assets.xcassets in Resources */ = {isa = PBXBuildFile; fileRef = 771E7F7E2A00AA580051BA45 /* Preview Assets.xcassets */; };
		779D9AE82A07EE6100261E55 /* SHUAnggotaItem.swift in Sources */ = {isa = PBXBuildFile; fileRef = 779D9AE72A07EE6100261E55 /* SHUAnggotaItem.swift */; };
		779D9AEA2A07FC8C00261E55 /* AnggotaModel.swift in Sources */ = {isa = PBXBuildFile; fileRef = 779D9AE92A07FC8C00261E55 /* AnggotaModel.swift */; };
		779D9AEC2A07FC9C00261E55 /* KoperasiModel.swift in Sources */ = {isa = PBXBuildFile; fileRef = 779D9AEB2A07FC9C00261E55 /* KoperasiModel.swift */; };
		779D9AEE2A07FD1C00261E55 /* SHUModel.swift in Sources */ = {isa = PBXBuildFile; fileRef = 779D9AED2A07FD1C00261E55 /* SHUModel.swift */; };
		77F5BF6C2A048ED600F2A617 /* KoperasiPage.swift in Sources */ = {isa = PBXBuildFile; fileRef = 77F5BF6B2A048ED600F2A617 /* KoperasiPage.swift */; };
		77F5BF702A04949400F2A617 /* SHUAnggotaPage.swift in Sources */ = {isa = PBXBuildFile; fileRef = 77F5BF6F2A04949400F2A617 /* SHUAnggotaPage.swift */; };
		77F5BF742A05302E00F2A617 /* DaftarAnggotaItem.swift in Sources */ = {isa = PBXBuildFile; fileRef = 77F5BF732A05302E00F2A617 /* DaftarAnggotaItem.swift */; };
/* End PBXBuildFile section */

/* Begin PBXFileReference section */
		771E7F742A00AA570051BA45 /* NanoChallenge1.app */ = {isa = PBXFileReference; explicitFileType = wrapper.application; includeInIndex = 0; path = NanoChallenge1.app; sourceTree = BUILT_PRODUCTS_DIR; };
		771E7F772A00AA570051BA45 /* NanoChallenge1App.swift */ = {isa = PBXFileReference; lastKnownFileType = sourcecode.swift; path = NanoChallenge1App.swift; sourceTree = "<group>"; };
		771E7F792A00AA570051BA45 /* ContentView.swift */ = {isa = PBXFileReference; lastKnownFileType = sourcecode.swift; path = ContentView.swift; sourceTree = "<group>"; };
		771E7F7B2A00AA580051BA45 /* Assets.xcassets */ = {isa = PBXFileReference; lastKnownFileType = folder.assetcatalog; path = Assets.xcassets; sourceTree = "<group>"; };
		771E7F7E2A00AA580051BA45 /* Preview Assets.xcassets */ = {isa = PBXFileReference; lastKnownFileType = folder.assetcatalog; path = "Preview Assets.xcassets"; sourceTree = "<group>"; };
		779D9AE72A07EE6100261E55 /* SHUAnggotaItem.swift */ = {isa = PBXFileReference; lastKnownFileType = sourcecode.swift; path = SHUAnggotaItem.swift; sourceTree = "<group>"; };
		779D9AE92A07FC8C00261E55 /* AnggotaModel.swift */ = {isa = PBXFileReference; lastKnownFileType = sourcecode.swift; path = AnggotaModel.swift; sourceTree = "<group>"; };
		779D9AEB2A07FC9C00261E55 /* KoperasiModel.swift */ = {isa = PBXFileReference; lastKnownFileType = sourcecode.swift; path = KoperasiModel.swift; sourceTree = "<group>"; };
		779D9AED2A07FD1C00261E55 /* SHUModel.swift */ = {isa = PBXFileReference; lastKnownFileType = sourcecode.swift; path = SHUModel.swift; sourceTree = "<group>"; };
		77F5BF6B2A048ED600F2A617 /* KoperasiPage.swift */ = {isa = PBXFileReference; lastKnownFileType = sourcecode.swift; path = KoperasiPage.swift; sourceTree = "<group>"; };
		77F5BF6F2A04949400F2A617 /* SHUAnggotaPage.swift */ = {isa = PBXFileReference; lastKnownFileType = sourcecode.swift; path = SHUAnggotaPage.swift; sourceTree = "<group>"; };
		77F5BF732A05302E00F2A617 /* DaftarAnggotaItem.swift */ = {isa = PBXFileReference; lastKnownFileType = sourcecode.swift; path = DaftarAnggotaItem.swift; sourceTree = "<group>"; };
/* End PBXFileReference section */

/* Begin PBXFrameworksBuildPhase section */
		771E7F712A00AA570051BA45 /* Frameworks */ = {
			isa = PBXFrameworksBuildPhase;
			buildActionMask = 2147483647;
			files = (
			);
			runOnlyForDeploymentPostprocessing = 0;
		};
/* End PBXFrameworksBuildPhase section */

/* Begin PBXGroup section */
		771E7F6B2A00AA570051BA45 = {
			isa = PBXGroup;
			children = (
				771E7F762A00AA570051BA45 /* NanoChallenge1 */,
				771E7F752A00AA570051BA45 /* Products */,
			);
			sourceTree = "<group>";
		};
		771E7F752A00AA570051BA45 /* Products */ = {
			isa = PBXGroup;
			children = (
				771E7F742A00AA570051BA45 /* NanoChallenge1.app */,
			);
			name = Products;
			sourceTree = "<group>";
		};
		771E7F762A00AA570051BA45 /* NanoChallenge1 */ = {
			isa = PBXGroup;
			children = (
				77F5BF722A05301700F2A617 /* Components */,
				77F5BF6A2A048EC000F2A617 /* Pages */,
				77F5BF692A048E9500F2A617 /* Models */,
				771E7F772A00AA570051BA45 /* NanoChallenge1App.swift */,
				771E7F792A00AA570051BA45 /* ContentView.swift */,
				771E7F7B2A00AA580051BA45 /* Assets.xcassets */,
				771E7F7D2A00AA580051BA45 /* Preview Content */,
			);
			path = NanoChallenge1;
			sourceTree = "<group>";
		};
		771E7F7D2A00AA580051BA45 /* Preview Content */ = {
			isa = PBXGroup;
			children = (
				771E7F7E2A00AA580051BA45 /* Preview Assets.xcassets */,
			);
			path = "Preview Content";
			sourceTree = "<group>";
		};
		77F5BF692A048E9500F2A617 /* Models */ = {
			isa = PBXGroup;
			children = (
				779D9AE92A07FC8C00261E55 /* AnggotaModel.swift */,
				779D9AEB2A07FC9C00261E55 /* KoperasiModel.swift */,
				779D9AED2A07FD1C00261E55 /* SHUModel.swift */,
			);
			path = Models;
			sourceTree = "<group>";
		};
		77F5BF6A2A048EC000F2A617 /* Pages */ = {
			isa = PBXGroup;
			children = (
				77F5BF6B2A048ED600F2A617 /* KoperasiPage.swift */,
				77F5BF6F2A04949400F2A617 /* SHUAnggotaPage.swift */,
			);
			path = Pages;
			sourceTree = "<group>";
		};
		77F5BF722A05301700F2A617 /* Components */ = {
			isa = PBXGroup;
			children = (
				77F5BF732A05302E00F2A617 /* DaftarAnggotaItem.swift */,
				779D9AE72A07EE6100261E55 /* SHUAnggotaItem.swift */,
			);
			path = Components;
			sourceTree = "<group>";
		};
/* End PBXGroup section */

/* Begin PBXNativeTarget section */
		771E7F732A00AA570051BA45 /* NanoChallenge1 */ = {
			isa = PBXNativeTarget;
			buildConfigurationList = 771E7F822A00AA580051BA45 /* Build configuration list for PBXNativeTarget "NanoChallenge1" */;
			buildPhases = (
				771E7F702A00AA570051BA45 /* Sources */,
				771E7F712A00AA570051BA45 /* Frameworks */,
				771E7F722A00AA570051BA45 /* Resources */,
			);
			buildRules = (
			);
			dependencies = (
			);
			name = NanoChallenge1;
			productName = NanoChallenge1;
			productReference = 771E7F742A00AA570051BA45 /* NanoChallenge1.app */;
			productType = "com.apple.product-type.application";
		};
/* End PBXNativeTarget section */

/* Begin PBXProject section */
		771E7F6C2A00AA570051BA45 /* Project object */ = {
			isa = PBXProject;
			attributes = {
				BuildIndependentTargetsInParallel = 1;
				LastSwiftUpdateCheck = 1430;
				LastUpgradeCheck = 1430;
				TargetAttributes = {
					771E7F732A00AA570051BA45 = {
						CreatedOnToolsVersion = 14.3;
					};
				};
			};
			buildConfigurationList = 771E7F6F2A00AA570051BA45 /* Build configuration list for PBXProject "NanoChallenge1" */;
			compatibilityVersion = "Xcode 14.0";
			developmentRegion = en;
			hasScannedForEncodings = 0;
			knownRegions = (
				en,
				Base,
			);
			mainGroup = 771E7F6B2A00AA570051BA45;
			productRefGroup = 771E7F752A00AA570051BA45 /* Products */;
			projectDirPath = "";
			projectRoot = "";
			targets = (
				771E7F732A00AA570051BA45 /* NanoChallenge1 */,
			);
		};
/* End PBXProject section */

/* Begin PBXResourcesBuildPhase section */
		771E7F722A00AA570051BA45 /* Resources */ = {
			isa = PBXResourcesBuildPhase;
			buildActionMask = 2147483647;
			files = (
				771E7F7F2A00AA580051BA45 /* Preview Assets.xcassets in Resources */,
				771E7F7C2A00AA580051BA45 /* Assets.xcassets in Resources */,
			);
			runOnlyForDeploymentPostprocessing = 0;
		};
/* End PBXResourcesBuildPhase section */

/* Begin PBXSourcesBuildPhase section */
		771E7F702A00AA570051BA45 /* Sources */ = {
			isa = PBXSourcesBuildPhase;
			buildActionMask = 2147483647;
			files = (
				779D9AEE2A07FD1C00261E55 /* SHUModel.swift in Sources */,
				77F5BF6C2A048ED600F2A617 /* KoperasiPage.swift in Sources */,
				77F5BF702A04949400F2A617 /* SHUAnggotaPage.swift in Sources */,
				779D9AEA2A07FC8C00261E55 /* AnggotaModel.swift in Sources */,
				77F5BF742A05302E00F2A617 /* DaftarAnggotaItem.swift in Sources */,
				779D9AE82A07EE6100261E55 /* SHUAnggotaItem.swift in Sources */,
				779D9AEC2A07FC9C00261E55 /* KoperasiModel.swift in Sources */,
				771E7F7A2A00AA570051BA45 /* ContentView.swift in Sources */,
				771E7F782A00AA570051BA45 /* NanoChallenge1App.swift in Sources */,
			);
			runOnlyForDeploymentPostprocessing = 0;
		};
/* End PBXSourcesBuildPhase section */

/* Begin XCBuildConfiguration section */
		771E7F802A00AA580051BA45 /* Debug */ = {
			isa = XCBuildConfiguration;
			buildSettings = {
				ALWAYS_SEARCH_USER_PATHS = NO;
				CLANG_ANALYZER_NONNULL = YES;
				CLANG_ANALYZER_NUMBER_OBJECT_CONVERSION = YES_AGGRESSIVE;
				CLANG_CXX_LANGUAGE_STANDARD = "gnu++20";
				CLANG_ENABLE_MODULES = YES;
				CLANG_ENABLE_OBJC_ARC = YES;
				CLANG_ENABLE_OBJC_WEAK = YES;
				CLANG_WARN_BLOCK_CAPTURE_AUTORELEASING = YES;
				CLANG_WARN_BOOL_CONVERSION = YES;
				CLANG_WARN_COMMA = YES;
				CLANG_WARN_CONSTANT_CONVERSION = YES;
				CLANG_WARN_DEPRECATED_OBJC_IMPLEMENTATIONS = YES;
				CLANG_WARN_DIRECT_OBJC_ISA_USAGE = YES_ERROR;
				CLANG_WARN_DOCUMENTATION_COMMENTS = YES;
				CLANG_WARN_EMPTY_BODY = YES;
				CLANG_WARN_ENUM_CONVERSION = YES;
				CLANG_WARN_INFINITE_RECURSION = YES;
				CLANG_WARN_INT_CONVERSION = YES;
				CLANG_WARN_NON_LITERAL_NULL_CONVERSION = YES;
				CLANG_WARN_OBJC_IMPLICIT_RETAIN_SELF = YES;
				CLANG_WARN_OBJC_LITERAL_CONVERSION = YES;
				CLANG_WARN_OBJC_ROOT_CLASS = YES_ERROR;
				CLANG_WARN_QUOTED_INCLUDE_IN_FRAMEWORK_HEADER = YES;
				CLANG_WARN_RANGE_LOOP_ANALYSIS = YES;
				CLANG_WARN_STRICT_PROTOTYPES = YES;
				CLANG_WARN_SUSPICIOUS_MOVE = YES;
				CLANG_WARN_UNGUARDED_AVAILABILITY = YES_AGGRESSIVE;
				CLANG_WARN_UNREACHABLE_CODE = YES;
				CLANG_WARN__DUPLICATE_METHOD_MATCH = YES;
				COPY_PHASE_STRIP = NO;
				DEBUG_INFORMATION_FORMAT = dwarf;
				ENABLE_STRICT_OBJC_MSGSEND = YES;
				ENABLE_TESTABILITY = YES;
				GCC_C_LANGUAGE_STANDARD = gnu11;
				GCC_DYNAMIC_NO_PIC = NO;
				GCC_NO_COMMON_BLOCKS = YES;
				GCC_OPTIMIZATION_LEVEL = 0;
				GCC_PREPROCESSOR_DEFINITIONS = (
					"DEBUG=1",
					"$(inherited)",
				);
				GCC_WARN_64_TO_32_BIT_CONVERSION = YES;
				GCC_WARN_ABOUT_RETURN_TYPE = YES_ERROR;
				GCC_WARN_UNDECLARED_SELECTOR = YES;
				GCC_WARN_UNINITIALIZED_AUTOS = YES_AGGRESSIVE;
				GCC_WARN_UNUSED_FUNCTION = YES;
				GCC_WARN_UNUSED_VARIABLE = YES;
				IPHONEOS_DEPLOYMENT_TARGET = 16.4;
				MTL_ENABLE_DEBUG_INFO = INCLUDE_SOURCE;
				MTL_FAST_MATH = YES;
				ONLY_ACTIVE_ARCH = YES;
				SDKROOT = iphoneos;
				SWIFT_ACTIVE_COMPILATION_CONDITIONS = DEBUG;
				SWIFT_OPTIMIZATION_LEVEL = "-Onone";
			};
			name = Debug;
		};
		771E7F812A00AA580051BA45 /* Release */ = {
			isa = XCBuildConfiguration;
			buildSettings = {
				ALWAYS_SEARCH_USER_PATHS = NO;
				CLANG_ANALYZER_NONNULL = YES;
				CLANG_ANALYZER_NUMBER_OBJECT_CONVERSION = YES_AGGRESSIVE;
				CLANG_CXX_LANGUAGE_STANDARD = "gnu++20";
				CLANG_ENABLE_MODULES = YES;
				CLANG_ENABLE_OBJC_ARC = YES;
				CLANG_ENABLE_OBJC_WEAK = YES;
				CLANG_WARN_BLOCK_CAPTURE_AUTORELEASING = YES;
				CLANG_WARN_BOOL_CONVERSION = YES;
				CLANG_WARN_COMMA = YES;
				CLANG_WARN_CONSTANT_CONVERSION = YES;
				CLANG_WARN_DEPRECATED_OBJC_IMPLEMENTATIONS = YES;
				CLANG_WARN_DIRECT_OBJC_ISA_USAGE = YES_ERROR;
				CLANG_WARN_DOCUMENTATION_COMMENTS = YES;
				CLANG_WARN_EMPTY_BODY = YES;
				CLANG_WARN_ENUM_CONVERSION = YES;
				CLANG_WARN_INFINITE_RECURSION = YES;
				CLANG_WARN_INT_CONVERSION = YES;
				CLANG_WARN_NON_LITERAL_NULL_CONVERSION = YES;
				CLANG_WARN_OBJC_IMPLICIT_RETAIN_SELF = YES;
				CLANG_WARN_OBJC_LITERAL_CONVERSION = YES;
				CLANG_WARN_OBJC_ROOT_CLASS = YES_ERROR;
				CLANG_WARN_QUOTED_INCLUDE_IN_FRAMEWORK_HEADER = YES;
				CLANG_WARN_RANGE_LOOP_ANALYSIS = YES;
				CLANG_WARN_STRICT_PROTOTYPES = YES;
				CLANG_WARN_SUSPICIOUS_MOVE = YES;
				CLANG_WARN_UNGUARDED_AVAILABILITY = YES_AGGRESSIVE;
				CLANG_WARN_UNREACHABLE_CODE = YES;
				CLANG_WARN__DUPLICATE_METHOD_MATCH = YES;
				COPY_PHASE_STRIP = NO;
				DEBUG_INFORMATION_FORMAT = "dwarf-with-dsym";
				ENABLE_NS_ASSERTIONS = NO;
				ENABLE_STRICT_OBJC_MSGSEND = YES;
				GCC_C_LANGUAGE_STANDARD = gnu11;
				GCC_NO_COMMON_BLOCKS = YES;
				GCC_WARN_64_TO_32_BIT_CONVERSION = YES;
				GCC_WARN_ABOUT_RETURN_TYPE = YES_ERROR;
				GCC_WARN_UNDECLARED_SELECTOR = YES;
				GCC_WARN_UNINITIALIZED_AUTOS = YES_AGGRESSIVE;
				GCC_WARN_UNUSED_FUNCTION = YES;
				GCC_WARN_UNUSED_VARIABLE = YES;
				IPHONEOS_DEPLOYMENT_TARGET = 16.4;
				MTL_ENABLE_DEBUG_INFO = NO;
				MTL_FAST_MATH = YES;
				SDKROOT = iphoneos;
				SWIFT_COMPILATION_MODE = wholemodule;
				SWIFT_OPTIMIZATION_LEVEL = "-O";
				VALIDATE_PRODUCT = YES;
			};
			name = Release;
		};
		771E7F832A00AA580051BA45 /* Debug */ = {
			isa = XCBuildConfiguration;
			buildSettings = {
				ASSETCATALOG_COMPILER_APPICON_NAME = AppIcon;
				ASSETCATALOG_COMPILER_GLOBAL_ACCENT_COLOR_NAME = AccentColor;
				CODE_SIGN_STYLE = Automatic;
				CURRENT_PROJECT_VERSION = 1;
				DEVELOPMENT_ASSET_PATHS = "\"NanoChallenge1/Preview Content\"";
				DEVELOPMENT_TEAM = DYXBWDG6F4;
				ENABLE_PREVIEWS = YES;
				GENERATE_INFOPLIST_FILE = YES;
				INFOPLIST_KEY_UIApplicationSceneManifest_Generation = YES;
				INFOPLIST_KEY_UIApplicationSupportsIndirectInputEvents = YES;
				INFOPLIST_KEY_UILaunchScreen_Generation = YES;
				INFOPLIST_KEY_UISupportedInterfaceOrientations_iPad = "UIInterfaceOrientationPortrait UIInterfaceOrientationPortraitUpsideDown UIInterfaceOrientationLandscapeLeft UIInterfaceOrientationLandscapeRight";
				INFOPLIST_KEY_UISupportedInterfaceOrientations_iPhone = "UIInterfaceOrientationPortrait UIInterfaceOrientationLandscapeLeft UIInterfaceOrientationLandscapeRight";
				LD_RUNPATH_SEARCH_PATHS = (
					"$(inherited)",
					"@executable_path/Frameworks",
				);
				MARKETING_VERSION = 1.0;
				PRODUCT_BUNDLE_IDENTIFIER = com.example.apple.NanoChallenge1;
				PRODUCT_NAME = "$(TARGET_NAME)";
				SWIFT_EMIT_LOC_STRINGS = YES;
				SWIFT_VERSION = 5.0;
				TARGETED_DEVICE_FAMILY = "1,2";
			};
			name = Debug;
		};
		771E7F842A00AA580051BA45 /* Release */ = {
			isa = XCBuildConfiguration;
			buildSettings = {
				ASSETCATALOG_COMPILER_APPICON_NAME = AppIcon;
				ASSETCATALOG_COMPILER_GLOBAL_ACCENT_COLOR_NAME = AccentColor;
				CODE_SIGN_STYLE = Automatic;
				CURRENT_PROJECT_VERSION = 1;
				DEVELOPMENT_ASSET_PATHS = "\"NanoChallenge1/Preview Content\"";
				DEVELOPMENT_TEAM = DYXBWDG6F4;
				ENABLE_PREVIEWS = YES;
				GENERATE_INFOPLIST_FILE = YES;
				INFOPLIST_KEY_UIApplicationSceneManifest_Generation = YES;
				INFOPLIST_KEY_UIApplicationSupportsIndirectInputEvents = YES;
				INFOPLIST_KEY_UILaunchScreen_Generation = YES;
				INFOPLIST_KEY_UISupportedInterfaceOrientations_iPad = "UIInterfaceOrientationPortrait UIInterfaceOrientationPortraitUpsideDown UIInterfaceOrientationLandscapeLeft UIInterfaceOrientationLandscapeRight";
				INFOPLIST_KEY_UISupportedInterfaceOrientations_iPhone = "UIInterfaceOrientationPortrait UIInterfaceOrientationLandscapeLeft UIInterfaceOrientationLandscapeRight";
				LD_RUNPATH_SEARCH_PATHS = (
					"$(inherited)",
					"@executable_path/Frameworks",
				);
				MARKETING_VERSION = 1.0;
				PRODUCT_BUNDLE_IDENTIFIER = com.example.apple.NanoChallenge1;
				PRODUCT_NAME = "$(TARGET_NAME)";
				SWIFT_EMIT_LOC_STRINGS = YES;
				SWIFT_VERSION = 5.0;
				TARGETED_DEVICE_FAMILY = "1,2";
			};
			name = Release;
		};
/* End XCBuildConfiguration section */

/* Begin XCConfigurationList section */
		771E7F6F2A00AA570051BA45 /* Build configuration list for PBXProject "NanoChallenge1" */ = {
			isa = XCConfigurationList;
			buildConfigurations = (
				771E7F802A00AA580051BA45 /* Debug */,
				771E7F812A00AA580051BA45 /* Release */,
			);
			defaultConfigurationIsVisible = 0;
			defaultConfigurationName = Release;
		};
		771E7F822A00AA580051BA45 /* Build configuration list for PBXNativeTarget "NanoChallenge1" */ = {
			isa = XCConfigurationList;
			buildConfigurations = (
				771E7F832A00AA580051BA45 /* Debug */,
				771E7F842A00AA580051BA45 /* Release */,
			);
			defaultConfigurationIsVisible = 0;
			defaultConfigurationName = Release;
		};
/* End XCConfigurationList section */
	};
	rootObject = 771E7F6C2A00AA570051BA45 /* Project object */;
}
